
Microsoft Visual Studio Solution File, Format Version 12.00
# Visual Studio Version 17
VisualStudioVersion = 17.10.35004.147
MinimumVisualStudioVersion = 10.0.40219.1
Project("{9A19103F-16F7-4668-BE54-9A1E7A4F7556}") = "Program", "Program.csproj", "{F4E7430F-D83E-427E-83CA-39117E4A1C23}"
EndProject
Project("{9A19103F-16F7-4668-BE54-9A1E7A4F7556}") = "Class1th (Variable)", "..\Class1th (Variable)\Class1th (Variable).csproj", "{332D9B51-CA3F-4BA3-AC1D-93F145EA31EC}"
EndProject
Project("{9A19103F-16F7-4668-BE54-9A1E7A4F7556}") = "Class2th (Bit)", "..\Class2th (Bit)\Class2th (Bit).csproj", "{304F26F2-FF1D-45F7-965F-7E90B8525D3C}"
EndProject
Project("{9A19103F-16F7-4668-BE54-9A1E7A4F7556}") = "Class3th (Overflow & UnderFlow)", "..\Class3th (Overflow & UnderFlow)\Class3th (Overflow & UnderFlow).csproj", "{4F6AB14F-E3C0-46EC-8D94-8C751E75E6AA}"
EndProject
Project("{9A19103F-16F7-4668-BE54-9A1E7A4F7556}") = "Class4th (Conditional Statement)", "..\Class4th (Conditional Statement)\Class4th (Conditional Statement).csproj", "{C2F2A3A3-6CFC-449B-91E1-3885C509538A}"
EndProject
Project("{9A19103F-16F7-4668-BE54-9A1E7A4F7556}") = "Class5th (Iteration Statement)", "..\Class5th (Iteration Statement)\Class5th (Iteration Statement).csproj", "{8CFA95EB-5234-4A3D-889B-D2EBB9DFE328}"
EndProject
Project("{9A19103F-16F7-4668-BE54-9A1E7A4F7556}") = "Class6th (Function)", "..\Class6th (Function)\Class6th (Function).csproj", "{4322644F-CB3D-4AFC-A4D5-62E204BE270D}"
EndProject
Project("{9A19103F-16F7-4668-BE54-9A1E7A4F7556}") = "Class7th (Arrangment)", "..\Class7th (Arrangment)\Class7th (Arrangment).csproj", "{9DD98E73-2330-4CD3-984E-1E2D88147D9B}"
EndProject
Project("{FAE04EC0-301F-11D3-BF4B-00C04F79EFBC}") = "Class8th (Class)", "..\Class8th (Class)\Class8th (Class).csproj", "{949F664D-ACFE-4A68-B22F-89F8D944437B}"
EndProject
Global
	GlobalSection(SolutionConfigurationPlatforms) = preSolution
		Debug|Any CPU = Debug|Any CPU
		Release|Any CPU = Release|Any CPU
	EndGlobalSection
	GlobalSection(ProjectConfigurationPlatforms) = postSolution
		{F4E7430F-D83E-427E-83CA-39117E4A1C23}.Debug|Any CPU.ActiveCfg = Debug|Any CPU
		{F4E7430F-D83E-427E-83CA-39117E4A1C23}.Debug|Any CPU.Build.0 = Debug|Any CPU
		{F4E7430F-D83E-427E-83CA-39117E4A1C23}.Release|Any CPU.ActiveCfg = Release|Any CPU
		{F4E7430F-D83E-427E-83CA-39117E4A1C23}.Release|Any CPU.Build.0 = Release|Any CPU
		{332D9B51-CA3F-4BA3-AC1D-93F145EA31EC}.Debug|Any CPU.ActiveCfg = Debug|Any CPU
		{332D9B51-CA3F-4BA3-AC1D-93F145EA31EC}.Debug|Any CPU.Build.0 = Debug|Any CPU
		{332D9B51-CA3F-4BA3-AC1D-93F145EA31EC}.Release|Any CPU.ActiveCfg = Release|Any CPU
		{332D9B51-CA3F-4BA3-AC1D-93F145EA31EC}.Release|Any CPU.Build.0 = Release|Any CPU
		{304F26F2-FF1D-45F7-965F-7E90B8525D3C}.Debug|Any CPU.ActiveCfg = Debug|Any CPU
		{304F26F2-FF1D-45F7-965F-7E90B8525D3C}.Debug|Any CPU.Build.0 = Debug|Any CPU
		{304F26F2-FF1D-45F7-965F-7E90B8525D3C}.Release|Any CPU.ActiveCfg = Release|Any CPU
		{304F26F2-FF1D-45F7-965F-7E90B8525D3C}.Release|Any CPU.Build.0 = Release|Any CPU
		{4F6AB14F-E3C0-46EC-8D94-8C751E75E6AA}.Debug|Any CPU.ActiveCfg = Debug|Any CPU
		{4F6AB14F-E3C0-46EC-8D94-8C751E75E6AA}.Debug|Any CPU.Build.0 = Debug|Any CPU
		{4F6AB14F-E3C0-46EC-8D94-8C751E75E6AA}.Release|Any CPU.ActiveCfg = Release|Any CPU
		{4F6AB14F-E3C0-46EC-8D94-8C751E75E6AA}.Release|Any CPU.Build.0 = Release|Any CPU
		{C2F2A3A3-6CFC-449B-91E1-3885C509538A}.Debug|Any CPU.ActiveCfg = Debug|Any CPU
		{C2F2A3A3-6CFC-449B-91E1-3885C509538A}.Debug|Any CPU.Build.0 = Debug|Any CPU
		{C2F2A3A3-6CFC-449B-91E1-3885C509538A}.Release|Any CPU.ActiveCfg = Release|Any CPU
		{C2F2A3A3-6CFC-449B-91E1-3885C509538A}.Release|Any CPU.Build.0 = Release|Any CPU
		{8CFA95EB-5234-4A3D-889B-D2EBB9DFE328}.Debug|Any CPU.ActiveCfg = Debug|Any CPU
		{8CFA95EB-5234-4A3D-889B-D2EBB9DFE328}.Debug|Any CPU.Build.0 = Debug|Any CPU
		{8CFA95EB-5234-4A3D-889B-D2EBB9DFE328}.Release|Any CPU.ActiveCfg = Release|Any CPU
		{8CFA95EB-5234-4A3D-889B-D2EBB9DFE328}.Release|Any CPU.Build.0 = Release|Any CPU
		{4322644F-CB3D-4AFC-A4D5-62E204BE270D}.Debug|Any CPU.ActiveCfg = Debug|Any CPU
		{4322644F-CB3D-4AFC-A4D5-62E204BE270D}.Debug|Any CPU.Build.0 = Debug|Any CPU
		{4322644F-CB3D-4AFC-A4D5-62E204BE270D}.Release|Any CPU.ActiveCfg = Release|Any CPU
		{4322644F-CB3D-4AFC-A4D5-62E204BE270D}.Release|Any CPU.Build.0 = Release|Any CPU
		{9DD98E73-2330-4CD3-984E-1E2D88147D9B}.Debug|Any CPU.ActiveCfg = Debug|Any CPU
		{9DD98E73-2330-4CD3-984E-1E2D88147D9B}.Debug|Any CPU.Build.0 = Debug|Any CPU
		{9DD98E73-2330-4CD3-984E-1E2D88147D9B}.Release|Any CPU.ActiveCfg = Release|Any CPU
		{9DD98E73-2330-4CD3-984E-1E2D88147D9B}.Release|Any CPU.Build.0 = Release|Any CPU
		{949F664D-ACFE-4A68-B22F-89F8D944437B}.Debug|Any CPU.ActiveCfg = Debug|Any CPU
		{949F664D-ACFE-4A68-B22F-89F8D944437B}.Debug|Any CPU.Build.0 = Debug|Any CPU
		{949F664D-ACFE-4A68-B22F-89F8D944437B}.Release|Any CPU.ActiveCfg = Release|Any CPU
		{949F664D-ACFE-4A68-B22F-89F8D944437B}.Release|Any CPU.Build.0 = Release|Any CPU
	EndGlobalSection
	GlobalSection(SolutionProperties) = preSolution
		HideSolutionNode = FALSE
	EndGlobalSection
	GlobalSection(ExtensibilityGlobals) = postSolution
		SolutionGuid = {56D23131-F5D6-438A-86BA-8B7A837B0512}
	EndGlobalSection
EndGlobal
