
Microsoft Visual Studio Solution File, Format Version 12.00
# Visual Studio Version 17
VisualStudioVersion = 17.10.35004.147
MinimumVisualStudioVersion = 10.0.40219.1
Project("{9A19103F-16F7-4668-BE54-9A1E7A4F7556}") = "Program", "Program.csproj", "{F4E7430F-D83E-427E-83CA-39117E4A1C23}"
EndProject
Project("{FAE04EC0-301F-11D3-BF4B-00C04F79EFBC}") = "Class1th (Variable)", "..\Class1th (Variable)\Class1th (Variable).csproj", "{332D9B51-CA3F-4BA3-AC1D-93F145EA31EC}"
EndProject
Global
	GlobalSection(SolutionConfigurationPlatforms) = preSolution
		Debug|Any CPU = Debug|Any CPU
		Release|Any CPU = Release|Any CPU
	EndGlobalSection
	GlobalSection(ProjectConfigurationPlatforms) = postSolution
		{F4E7430F-D83E-427E-83CA-39117E4A1C23}.Debug|Any CPU.ActiveCfg = Debug|Any CPU
		{F4E7430F-D83E-427E-83CA-39117E4A1C23}.Debug|Any CPU.Build.0 = Debug|Any CPU
		{F4E7430F-D83E-427E-83CA-39117E4A1C23}.Release|Any CPU.ActiveCfg = Release|Any CPU
		{F4E7430F-D83E-427E-83CA-39117E4A1C23}.Release|Any CPU.Build.0 = Release|Any CPU
		{332D9B51-CA3F-4BA3-AC1D-93F145EA31EC}.Debug|Any CPU.ActiveCfg = Debug|Any CPU
		{332D9B51-CA3F-4BA3-AC1D-93F145EA31EC}.Debug|Any CPU.Build.0 = Debug|Any CPU
		{332D9B51-CA3F-4BA3-AC1D-93F145EA31EC}.Release|Any CPU.ActiveCfg = Release|Any CPU
		{332D9B51-CA3F-4BA3-AC1D-93F145EA31EC}.Release|Any CPU.Build.0 = Release|Any CPU
	EndGlobalSection
	GlobalSection(SolutionProperties) = preSolution
		HideSolutionNode = FALSE
	EndGlobalSection
	GlobalSection(ExtensibilityGlobals) = postSolution
		SolutionGuid = {56D23131-F5D6-438A-86BA-8B7A837B0512}
	EndGlobalSection
EndGlobal
